
Microsoft Visual Studio Solution File, Format Version 11.00
# Visual Studio 2010
Project("{FAE04EC0-301F-11D3-BF4B-00C04F79EFBC}") = "TwitterMVVM", "TwitterMVVM\TwitterMVVM.csproj", "{D224F741-EBA7-43D4-A625-56E4F86344A2}"
	GlobalSection(PureCMSourceControlProviderSolutionProperties) = preSolution
		SolutionIsControlled = True
	EndGlobalSection
EndProject
Project("{FAE04EC0-301F-11D3-BF4B-00C04F79EFBC}") = "TwitterCaliburn", "TwitterCaliburn\TwitterCaliburn.csproj", "{66D07A95-B60F-484E-BED9-2FAE0AA06330}"
	GlobalSection(PureCMSourceControlProviderSolutionProperties) = preSolution
		SolutionIsControlled = True
	EndGlobalSection
EndProject
Project("{FAE04EC0-301F-11D3-BF4B-00C04F79EFBC}") = "TwitterServiceLibrary", "TwitterServiceLibrary\TwitterServiceLibrary.csproj", "{807CB5FB-8AA9-4916-91F0-3426ABFCB12A}"
	GlobalSection(PureCMSourceControlProviderSolutionProperties) = preSolution
		SolutionIsControlled = True
	EndGlobalSection
EndProject
Global
	GlobalSection(PureCMSourceControlProviderSolutionProperties) = preSolution
		SolutionIsControlled = True
	EndGlobalSection
	GlobalSection(SolutionConfigurationPlatforms) = preSolution
		Debug|Any CPU = Debug|Any CPU
		Debug|Mixed Platforms = Debug|Mixed Platforms
		Debug|x86 = Debug|x86
		Release|Any CPU = Release|Any CPU
		Release|Mixed Platforms = Release|Mixed Platforms
		Release|x86 = Release|x86
	EndGlobalSection
	GlobalSection(ProjectConfigurationPlatforms) = postSolution
		{D224F741-EBA7-43D4-A625-56E4F86344A2}.Debug|Any CPU.ActiveCfg = Debug|x86
		{D224F741-EBA7-43D4-A625-56E4F86344A2}.Debug|Mixed Platforms.ActiveCfg = Debug|x86
		{D224F741-EBA7-43D4-A625-56E4F86344A2}.Debug|Mixed Platforms.Build.0 = Debug|x86
		{D224F741-EBA7-43D4-A625-56E4F86344A2}.Debug|x86.ActiveCfg = Debug|x86
		{D224F741-EBA7-43D4-A625-56E4F86344A2}.Debug|x86.Build.0 = Debug|x86
		{D224F741-EBA7-43D4-A625-56E4F86344A2}.Release|Any CPU.ActiveCfg = Release|x86
		{D224F741-EBA7-43D4-A625-56E4F86344A2}.Release|Mixed Platforms.ActiveCfg = Release|x86
		{D224F741-EBA7-43D4-A625-56E4F86344A2}.Release|Mixed Platforms.Build.0 = Release|x86
		{D224F741-EBA7-43D4-A625-56E4F86344A2}.Release|x86.ActiveCfg = Release|x86
		{D224F741-EBA7-43D4-A625-56E4F86344A2}.Release|x86.Build.0 = Release|x86
		{66D07A95-B60F-484E-BED9-2FAE0AA06330}.Debug|Any CPU.ActiveCfg = Debug|x86
		{66D07A95-B60F-484E-BED9-2FAE0AA06330}.Debug|Mixed Platforms.ActiveCfg = Debug|x86
		{66D07A95-B60F-484E-BED9-2FAE0AA06330}.Debug|Mixed Platforms.Build.0 = Debug|x86
		{66D07A95-B60F-484E-BED9-2FAE0AA06330}.Debug|x86.ActiveCfg = Debug|x86
		{66D07A95-B60F-484E-BED9-2FAE0AA06330}.Debug|x86.Build.0 = Debug|x86
		{66D07A95-B60F-484E-BED9-2FAE0AA06330}.Release|Any CPU.ActiveCfg = Release|x86
		{66D07A95-B60F-484E-BED9-2FAE0AA06330}.Release|Mixed Platforms.ActiveCfg = Release|x86
		{66D07A95-B60F-484E-BED9-2FAE0AA06330}.Release|Mixed Platforms.Build.0 = Release|x86
		{66D07A95-B60F-484E-BED9-2FAE0AA06330}.Release|x86.ActiveCfg = Release|x86
		{66D07A95-B60F-484E-BED9-2FAE0AA06330}.Release|x86.Build.0 = Release|x86
		{807CB5FB-8AA9-4916-91F0-3426ABFCB12A}.Debug|Any CPU.ActiveCfg = Debug|Any CPU
		{807CB5FB-8AA9-4916-91F0-3426ABFCB12A}.Debug|Any CPU.Build.0 = Debug|Any CPU
		{807CB5FB-8AA9-4916-91F0-3426ABFCB12A}.Debug|Mixed Platforms.ActiveCfg = Debug|Any CPU
		{807CB5FB-8AA9-4916-91F0-3426ABFCB12A}.Debug|Mixed Platforms.Build.0 = Debug|Any CPU
		{807CB5FB-8AA9-4916-91F0-3426ABFCB12A}.Debug|x86.ActiveCfg = Debug|Any CPU
		{807CB5FB-8AA9-4916-91F0-3426ABFCB12A}.Release|Any CPU.ActiveCfg = Release|Any CPU
		{807CB5FB-8AA9-4916-91F0-3426ABFCB12A}.Release|Any CPU.Build.0 = Release|Any CPU
		{807CB5FB-8AA9-4916-91F0-3426ABFCB12A}.Release|Mixed Platforms.ActiveCfg = Release|Any CPU
		{807CB5FB-8AA9-4916-91F0-3426ABFCB12A}.Release|Mixed Platforms.Build.0 = Release|Any CPU
		{807CB5FB-8AA9-4916-91F0-3426ABFCB12A}.Release|x86.ActiveCfg = Release|Any CPU
	EndGlobalSection
	GlobalSection(SolutionProperties) = preSolution
		HideSolutionNode = FALSE
	EndGlobalSection
EndGlobal
